
Microsoft Visual Studio Solution File, Format Version 12.00
# Visual Studio Version 17
VisualStudioVersion = 17.11.0.0
Project("{FAE04EC0-301F-11D3-BF4B-00C04F79EFBC}") = "OrderFlow.Domain", "src\OrderFlow.Domain\OrderFlow.Domain.csproj", "{11111111-0000-0000-0000-000000000001}"
EndProject
Project("{FAE04EC0-301F-11D3-BF4B-00C04F79EFBC}") = "OrderFlow.Application", "src\OrderFlow.Application\OrderFlow.Application.csproj", "{11111111-0000-0000-0000-000000000002}"
EndProject
Project("{FAE04EC0-301F-11D3-BF4B-00C04F79EFBC}") = "OrderFlow.Infrastructure", "src\OrderFlow.Infrastructure\OrderFlow.Infrastructure.csproj", "{11111111-0000-0000-0000-000000000003}"
EndProject
Project("{FAE04EC0-301F-11D3-BF4B-00C04F79EFBC}") = "OrderFlow.Api", "src\OrderFlow.Api\OrderFlow.Api.csproj", "{11111111-0000-0000-0000-000000000005}"
EndProject
Project("{FAE04EC0-301F-11D3-BF4B-00C04F79EFBC}") = "OrderFlow.Tests", "tests\OrderFlow.Tests\OrderFlow.Tests.csproj", "{11111111-0000-0000-0000-000000000006}"
EndProject
Global
	GlobalSection(SolutionConfigurationPlatforms) = preSolution
		Debug|Any CPU = Debug|Any CPU
		Release|Any CPU = Release|Any CPU
	EndGlobalSection
	GlobalSection(ProjectConfigurationPlatforms) = postSolution
		{11111111-0000-0000-0000-000000000001}.Debug|Any CPU.ActiveCfg = Debug|Any CPU
		{11111111-0000-0000-0000-000000000001}.Debug|Any CPU.Build.0 = Debug|Any CPU
		{11111111-0000-0000-0000-000000000001}.Release|Any CPU.ActiveCfg = Release|Any CPU
		{11111111-0000-0000-0000-000000000001}.Release|Any CPU.Build.0 = Release|Any CPU
		{11111111-0000-0000-0000-000000000002}.Debug|Any CPU.ActiveCfg = Debug|Any CPU
		{11111111-0000-0000-0000-000000000002}.Debug|Any CPU.Build.0 = Debug|Any CPU
		{11111111-0000-0000-0000-000000000002}.Release|Any CPU.ActiveCfg = Release|Any CPU
		{11111111-0000-0000-0000-000000000002}.Release|Any CPU.Build.0 = Release|Any CPU
		{11111111-0000-0000-0000-000000000003}.Debug|Any CPU.ActiveCfg = Debug|Any CPU
		{11111111-0000-0000-0000-000000000003}.Debug|Any CPU.Build.0 = Debug|Any CPU
		{11111111-0000-0000-0000-000000000003}.Release|Any CPU.ActiveCfg = Release|Any CPU
		{11111111-0000-0000-0000-000000000003}.Release|Any CPU.Build.0 = Release|Any CPU
		{11111111-0000-0000-0000-000000000005}.Debug|Any CPU.ActiveCfg = Debug|Any CPU
		{11111111-0000-0000-0000-000000000005}.Debug|Any CPU.Build.0 = Debug|Any CPU
		{11111111-0000-0000-0000-000000000005}.Release|Any CPU.ActiveCfg = Release|Any CPU
		{11111111-0000-0000-0000-000000000005}.Release|Any CPU.Build.0 = Release|Any CPU
		{11111111-0000-0000-0000-000000000006}.Debug|Any CPU.ActiveCfg = Debug|Any CPU
		{11111111-0000-0000-0000-000000000006}.Debug|Any CPU.Build.0 = Debug|Any CPU
		{11111111-0000-0000-0000-000000000006}.Release|Any CPU.ActiveCfg = Release|Any CPU
		{11111111-0000-0000-0000-000000000006}.Release|Any CPU.Build.0 = Release|Any CPU
	EndGlobalSection
EndGlobal
